
Microsoft Visual Studio Solution File, Format Version 12.00
# Visual Studio Version 16
VisualStudioVersion = 25.0.1706.4
MinimumVisualStudioVersion = 10.0.40219.1
Project("{FAE04EC0-301F-11D3-BF4B-00C04F79EFBC}") = "SumItUp", "SumItUp\SumItUp.csproj", "{09A51A3D-33D5-42A4-880C-266E80548229}"
EndProject
Global
	GlobalSection(SolutionConfigurationPlatforms) = preSolution
		Debug|Any CPU = Debug|Any CPU
		Release|Any CPU = Release|Any CPU
	EndGlobalSection
	GlobalSection(ProjectConfigurationPlatforms) = postSolution
		{09A51A3D-33D5-42A4-880C-266E80548229}.Debug|Any CPU.ActiveCfg = Debug|Any CPU
		{09A51A3D-33D5-42A4-880C-266E80548229}.Debug|Any CPU.Build.0 = Debug|Any CPU
		{09A51A3D-33D5-42A4-880C-266E80548229}.Release|Any CPU.ActiveCfg = Release|Any CPU
		{09A51A3D-33D5-42A4-880C-266E80548229}.Release|Any CPU.Build.0 = Release|Any CPU
	EndGlobalSection
	GlobalSection(SolutionProperties) = preSolution
		HideSolutionNode = FALSE
	EndGlobalSection
	GlobalSection(ExtensibilityGlobals) = postSolution
		SolutionGuid = {FF79B303-DC1A-460D-B948-F21F325FD737}
	EndGlobalSection
EndGlobal
